
Microsoft Visual Studio Solution File, Format Version 12.00
# Visual Studio Version 17
VisualStudioVersion = 17.0.31919.166
MinimumVisualStudioVersion = 10.0.40219.1
Project("{8BC9CEB8-8B4A-11D0-8D11-00A0C91BC942}") = "zadanie 2", "zadanie 2\zadanie 2.vcxproj", "{4CFD02D5-8888-46E0-9783-08988D848792}"
EndProject
Global
	GlobalSection(SolutionConfigurationPlatforms) = preSolution
		Debug|x64 = Debug|x64
		Debug|x86 = Debug|x86
		Release|x64 = Release|x64
		Release|x86 = Release|x86
	EndGlobalSection
	GlobalSection(ProjectConfigurationPlatforms) = postSolution
		{4CFD02D5-8888-46E0-9783-08988D848792}.Debug|x64.ActiveCfg = Debug|x64
		{4CFD02D5-8888-46E0-9783-08988D848792}.Debug|x64.Build.0 = Debug|x64
		{4CFD02D5-8888-46E0-9783-08988D848792}.Debug|x86.ActiveCfg = Debug|Win32
		{4CFD02D5-8888-46E0-9783-08988D848792}.Debug|x86.Build.0 = Debug|Win32
		{4CFD02D5-8888-46E0-9783-08988D848792}.Release|x64.ActiveCfg = Release|x64
		{4CFD02D5-8888-46E0-9783-08988D848792}.Release|x64.Build.0 = Release|x64
		{4CFD02D5-8888-46E0-9783-08988D848792}.Release|x86.ActiveCfg = Release|Win32
		{4CFD02D5-8888-46E0-9783-08988D848792}.Release|x86.Build.0 = Release|Win32
	EndGlobalSection
	GlobalSection(SolutionProperties) = preSolution
		HideSolutionNode = FALSE
	EndGlobalSection
	GlobalSection(ExtensibilityGlobals) = postSolution
		SolutionGuid = {5AD877FD-1B19-4F75-8C95-D659B25797A0}
	EndGlobalSection
EndGlobal
